
Microsoft Visual Studio Solution File, Format Version 12.00
# Visual Studio Version 17
VisualStudioVersion = 17.11.35222.181
MinimumVisualStudioVersion = 10.0.40219.1
Project("{FAE04EC0-301F-11D3-BF4B-00C04F79EFBC}") = "CocktailDebacle.Server", "CocktailDebacle.Server\CocktailDebacle.Server.csproj", "{FB8BD9CC-AEF3-47C3-87B7-61CD7A342C74}"
EndProject
Project("{54A90642-561A-4BB1-A94E-469ADEE60C69}") = "cocktaildebacle.client", "cocktaildebacle.client\cocktaildebacle.client.esproj", "{068DFFE2-2EC0-4C21-85C8-9361D7C1A61B}"
EndProject
Global
	GlobalSection(SolutionConfigurationPlatforms) = preSolution
		Debug|Any CPU = Debug|Any CPU
		Release|Any CPU = Release|Any CPU
	EndGlobalSection
	GlobalSection(ProjectConfigurationPlatforms) = postSolution
		{FB8BD9CC-AEF3-47C3-87B7-61CD7A342C74}.Debug|Any CPU.ActiveCfg = Debug|Any CPU
		{FB8BD9CC-AEF3-47C3-87B7-61CD7A342C74}.Debug|Any CPU.Build.0 = Debug|Any CPU
		{FB8BD9CC-AEF3-47C3-87B7-61CD7A342C74}.Release|Any CPU.ActiveCfg = Release|Any CPU
		{FB8BD9CC-AEF3-47C3-87B7-61CD7A342C74}.Release|Any CPU.Build.0 = Release|Any CPU
		{068DFFE2-2EC0-4C21-85C8-9361D7C1A61B}.Debug|Any CPU.ActiveCfg = Debug|Any CPU
		{068DFFE2-2EC0-4C21-85C8-9361D7C1A61B}.Debug|Any CPU.Build.0 = Debug|Any CPU
		{068DFFE2-2EC0-4C21-85C8-9361D7C1A61B}.Debug|Any CPU.Deploy.0 = Debug|Any CPU
		{068DFFE2-2EC0-4C21-85C8-9361D7C1A61B}.Release|Any CPU.ActiveCfg = Release|Any CPU
		{068DFFE2-2EC0-4C21-85C8-9361D7C1A61B}.Release|Any CPU.Build.0 = Release|Any CPU
		{068DFFE2-2EC0-4C21-85C8-9361D7C1A61B}.Release|Any CPU.Deploy.0 = Release|Any CPU
	EndGlobalSection
	GlobalSection(SolutionProperties) = preSolution
		HideSolutionNode = FALSE
	EndGlobalSection
	GlobalSection(ExtensibilityGlobals) = postSolution
		SolutionGuid = {AF05BCEE-CEC7-4F96-8E5B-52B1D81395BC}
	EndGlobalSection
EndGlobal
